Microsoft Visual Studio Solution File, Format Version 12.00
# Visual Studio 15
VisualStudioVersion = 15.0.28307.168
MinimumVisualStudioVersion = 10.0.40219.1
Project("{FAE04EC0-301F-11D3-BF4B-00C04F79EFBC}") = "Usage.Windows.Core", "Usage.Windows.Core\Usage.Windows.Core.csproj", "{7B60D105-37B4-42DC-8C8C-6A3A5C559913}"
EndProject
Project("{FAE04EC0-301F-11D3-BF4B-00C04F79EFBC}") = "Usage.Windows", "Usage.Windows\Usage.Windows.csproj", "{B1D9D38D-E980-4B68-B9F7-41893705CE64}"
EndProject
Project("{FAE04EC0-301F-11D3-BF4B-00C04F79EFBC}") = "Usage.Windows.Tests", "Usage.Windows.Tests\Usage.Windows.Tests.csproj", "{8CF297D1-CDE7-4AE5-BB8A-E3E7E46E26E7}"
EndProject
Global
	GlobalSection(SolutionConfigurationPlatforms) = preSolution
		Debug|Any CPU = Debug|Any CPU
		Release|Any CPU = Release|Any CPU
	EndGlobalSection
	GlobalSection(ProjectConfigurationPlatforms) = postSolution
		{7B60D105-37B4-42DC-8C8C-6A3A5C559913}.Debug|Any CPU.ActiveCfg = Debug|AnyCPU
		{7B60D105-37B4-42DC-8C8C-6A3A5C559913}.Debug|Any CPU.Build.0 = Debug|AnyCPU
		{7B60D105-37B4-42DC-8C8C-6A3A5C559913}.Release|Any CPU.ActiveCfg = Release|AnyCPU
		{7B60D105-37B4-42DC-8C8C-6A3A5C559913}.Release|Any CPU.Build.0 = Release|AnyCPU
		{B1D9D38D-E980-4B68-B9F7-41893705CE64}.Debug|Any CPU.ActiveCfg = Debug|AnyCPU
		{B1D9D38D-E980-4B68-B9F7-41893705CE64}.Debug|Any CPU.Build.0 = Debug|AnyCPU
		{B1D9D38D-E980-4B68-B9F7-41893705CE64}.Release|Any CPU.ActiveCfg = Release|AnyCPU
		{B1D9D38D-E980-4B68-B9F7-41893705CE64}.Release|Any CPU.Build.0 = Release|AnyCPU
		{8CF297D1-CDE7-4AE5-BB8A-E3E7E46E26E7}.Debug|Any CPU.ActiveCfg = Debug|AnyCPU
		{8CF297D1-CDE7-4AE5-BB8A-E3E7E46E26E7}.Debug|Any CPU.Build.0 = Debug|AnyCPU
		{8CF297D1-CDE7-4AE5-BB8A-E3E7E46E26E7}.Release|Any CPU.ActiveCfg = Release|AnyCPU
		{8CF297D1-CDE7-4AE5-BB8A-E3E7E46E26E7}.Release|Any CPU.Build.0 = Release|AnyCPU
	EndGlobalSection
EndGlobal
